{
    "_readme": [
        "This file locks the dependencies of your project to a known state",
        "Read more about it at http://getcomposer.org/doc/01-basic-usage.md#composer-lock-the-lock-file"
    ],
    "hash": "0d32350cb44b8fda158ac4a2a917a74b",
    "packages": [
        {
            "name": "paypal/sdk-core-php",
            "version": "v1.1",
            "source": {
                "type": "git",
                "url": "https://github.com/paypal/sdk-core-php.git",
                "reference": "v1.1"
            },
            "dist": {
                "type": "zip",
                "url": "https://api.github.com/repos/paypal/sdk-core-php/zipball/v1.1",
                "reference": "v1.1",
                "shasum": ""
            },
            "require": {
                "ext-curl": "*",
                "php": ">=5.2.0"
            },
            "type": "library",
            "autoload": {
                "classmap": [
                    "lib"
                ]
            },
            "notification-url": "https://packagist.org/downloads/",
            "license": [
                "Apache2"
            ],
            "authors": [
                {
                    "name": "PayPal",
                    "homepage": "https://github.com/paypal/merchant-sdk-php/contributors"
                }
            ],
            "description": "PayPal Core SDK for PHP",
            "homepage": "https://x.com",
            "keywords": [
                "paypal",
                "php",
                "sdk"
            ],
            "time": "2013-02-12 09:27:12"
        }
    ],
    "packages-dev": [

    ],
    "aliases": [

    ],
    "minimum-stability": "stable",
    "stability-flags": [

    ],
    "platform": {
        "php": ">=5.2.0",
        "ext-curl": "*"
    },
    "platform-dev": [

    ]
}
